
Microsoft Visual Studio Solution File, Format Version 12.00
# Visual Studio 15
Project("{FAE04EC0-301F-11D3-BF4B-00C04F79EFBC}") = "VuforiaScripts", "VuforiaScripts.csproj", "{80CA5E31-1F29-6174-2733-6067FB854663}"
EndProject
Project("{FAE04EC0-301F-11D3-BF4B-00C04F79EFBC}") = "VuforiaEditorScripts", "VuforiaEditorScripts.csproj", "{603E299A-36C7-4A28-DD1C-58753C5CF49D}"
EndProject
Global
	GlobalSection(SolutionConfigurationPlatforms) = preSolution
		Debug|Any CPU = Debug|Any CPU
		Release|Any CPU = Release|Any CPU
	EndGlobalSection
	GlobalSection(ProjectConfigurationPlatforms) = postSolution
		{80CA5E31-1F29-6174-2733-6067FB854663}.Debug|Any CPU.ActiveCfg = Debug|Any CPU
		{80CA5E31-1F29-6174-2733-6067FB854663}.Debug|Any CPU.Build.0 = Debug|Any CPU
		{80CA5E31-1F29-6174-2733-6067FB854663}.Release|Any CPU.ActiveCfg = Release|Any CPU
		{80CA5E31-1F29-6174-2733-6067FB854663}.Release|Any CPU.Build.0 = Release|Any CPU
		{603E299A-36C7-4A28-DD1C-58753C5CF49D}.Debug|Any CPU.ActiveCfg = Debug|Any CPU
		{603E299A-36C7-4A28-DD1C-58753C5CF49D}.Debug|Any CPU.Build.0 = Debug|Any CPU
		{603E299A-36C7-4A28-DD1C-58753C5CF49D}.Release|Any CPU.ActiveCfg = Release|Any CPU
		{603E299A-36C7-4A28-DD1C-58753C5CF49D}.Release|Any CPU.Build.0 = Release|Any CPU
	EndGlobalSection
	GlobalSection(SolutionProperties) = preSolution
		HideSolutionNode = FALSE
	EndGlobalSection
EndGlobal
